
Microsoft Visual Studio Solution File, Format Version 12.00
# Visual Studio Version 16
VisualStudioVersion = 16.0.31321.278
MinimumVisualStudioVersion = 10.0.40219.1
Project("{8BC9CEB8-8B4A-11D0-8D11-00A0C91BC942}") = "piano", "piano\piano.vcxproj", "{850E3A99-1227-4CEE-A10D-8D3E0983A95C}"
EndProject
Global
	GlobalSection(SolutionConfigurationPlatforms) = preSolution
		Debug|x64 = Debug|x64
		Debug|x86 = Debug|x86
		Release|x64 = Release|x64
		Release|x86 = Release|x86
	EndGlobalSection
	GlobalSection(ProjectConfigurationPlatforms) = postSolution
		{850E3A99-1227-4CEE-A10D-8D3E0983A95C}.Debug|x64.ActiveCfg = Debug|x64
		{850E3A99-1227-4CEE-A10D-8D3E0983A95C}.Debug|x64.Build.0 = Debug|x64
		{850E3A99-1227-4CEE-A10D-8D3E0983A95C}.Debug|x86.ActiveCfg = Debug|Win32
		{850E3A99-1227-4CEE-A10D-8D3E0983A95C}.Debug|x86.Build.0 = Debug|Win32
		{850E3A99-1227-4CEE-A10D-8D3E0983A95C}.Release|x64.ActiveCfg = Release|x64
		{850E3A99-1227-4CEE-A10D-8D3E0983A95C}.Release|x64.Build.0 = Release|x64
		{850E3A99-1227-4CEE-A10D-8D3E0983A95C}.Release|x86.ActiveCfg = Release|Win32
		{850E3A99-1227-4CEE-A10D-8D3E0983A95C}.Release|x86.Build.0 = Release|Win32
	EndGlobalSection
	GlobalSection(SolutionProperties) = preSolution
		HideSolutionNode = FALSE
	EndGlobalSection
	GlobalSection(ExtensibilityGlobals) = postSolution
		SolutionGuid = {8C1B9661-A1BB-401D-A989-FA5C41F9CBB8}
	EndGlobalSection
EndGlobal
